{
  "version": 1,
  "dependencies": {
    ".NETnanoFramework,Version=v1.0": {
      "nanoFramework.CoreLibrary": {
        "type": "Direct",
        "requested": "[1.15.5, 1.15.5]",
        "resolved": "1.15.5",
        "contentHash": "u2+GvAp1uxLrGdILACAZy+EVKOs28EQ52j8Lz7599egXZ3GBGejjnR2ofhjMQwzrJLlgtyrsx8nSLngDfJNsAg=="
      },
      "nanoFramework.System.Text": {
        "type": "Direct",
        "requested": "[1.2.54, 1.2.54]",
        "resolved": "1.2.54",
        "contentHash": "k3OutSNRMs9di42LQ+5GbpHBY07aMEZWGkaS3Mj3ZU4cWqJc4deFGzRd+LBFQl1mRGdQaM5sl/euTZdcg8R9Zg=="
      },
      "nanoFramework.TestFramework": {
        "type": "Direct",
        "requested": "[2.1.94, 2.1.94]",
        "resolved": "2.1.94",
        "contentHash": "jBbtJ7/7UUiqUbZ2ZshzHEarKZEHSGfnqli5QCMafRW9YxdsI5XYqTjRDgW3kyX2EX6zWk+cIgeLIPJiAzoWRA=="
      }
    }
  }
}