{
  "version": 1,
  "dependencies": {
    ".NETnanoFramework,Version=v1.0": {
      "nanoFramework.CoreLibrary": {
        "type": "Direct",
        "requested": "[1.17.1, 1.17.1]",
        "resolved": "1.17.1",
        "contentHash": "T/iPvP8AeZs/5UeZgVa2cZVbl79ioeRyBJLzx4qvKbE9RE+984AR5WPY4tjGIdXugs1AFUYYnydvuGCpy+P1ww=="
      },
      "nanoFramework.System.Text": {
        "type": "Direct",
        "requested": "[1.3.16, 1.3.16]",
        "resolved": "1.3.16",
        "contentHash": "riHpJLHPhObWXRNEaF5uayhOyO+AHCDV8yDQYGaG/2SrwWjv2hLH+sOKZEqm3Tvv5+RiGSF3nDgGDMxT46dokg=="
      },
      "nanoFramework.TestFramework": {
        "type": "Direct",
        "requested": "[3.0.68, 3.0.68]",
        "resolved": "3.0.68",
        "contentHash": "K+CKHTFqUW0H46CjkcLOCHcrLJDGmwErisQDXIKvUEgp0gE7rrsAat072aCcjXxojotSwa34hD/NIV4OF7vXgQ=="
      }
    }
  }
}