{
  "version": 1,
  "dependencies": {
    ".NETnanoFramework,Version=v1.0": {
      "nanoFramework.CoreLibrary": {
        "type": "Direct",
        "requested": "[2.0.0-preview.39, 2.0.0-preview.39]",
        "resolved": "2.0.0-preview.39",
        "contentHash": "rkXOwaEq6GIm+dKZ7ICMrG23mln482vRXyDtaNfAeBpgGcgiuFJrbw7w0TTZ2DNhw1CUWlCWZZbXi6+/NHdpLg=="
      },
      "nanoFramework.Runtime.Events": {
        "type": "Direct",
        "requested": "[2.0.0-preview.8, 2.0.0-preview.8]",
        "resolved": "2.0.0-preview.8",
        "contentHash": "+ELISV4zHeqzHrYirnx47zsAA7MPbBMWJQudbQv5almh22bTviDzFbOML3Dim8lCZZeaARnJers1gPmJ4ODT7Q=="
      },
      "nanoFramework.Runtime.Native": {
        "type": "Direct",
        "requested": "[2.0.0-preview.20, 2.0.0-preview.20]",
        "resolved": "2.0.0-preview.20",
        "contentHash": "TwNeWN8eYZ0qtMkQ5UPPaYsq6l963SUBSKerOgoWE13DEk3drQPZqF+uI7VuWLmvoSFgQ4FYiwDFpexC1p8m3A=="
      },
      "nanoFramework.System.Collections": {
        "type": "Direct",
        "requested": "[2.0.0-preview.8, 2.0.0-preview.8]",
        "resolved": "2.0.0-preview.8",
        "contentHash": "IGzV8Q9vf6Uk6dj6oL2e4acTA4SK/zkAA53yrth+NfgkKuel8fzp1FhndFjDsTu97naqVaNtbMUlhJwXY0wqKQ=="
      },
      "nanoFramework.System.Text": {
        "type": "Direct",
        "requested": "[2.0.0-preview.8, 2.0.0-preview.8]",
        "resolved": "2.0.0-preview.8",
        "contentHash": "dvaXLJo+X68BVWgXssjk0XXJUwQNwA9h0+wbDgfbE2Hc3/pKljhAvuluD8n4W5MZYJ6YI3I/BhPreBjW7W2Fvw=="
      },
      "Nerdbank.GitVersioning": {
        "type": "Direct",
        "requested": "[3.9.50, 3.9.50]",
        "resolved": "3.9.50",
        "contentHash": "HtOgGF6jZ+WYbXnCUCYPT8Y2d6mIJo9ozjK/FINTRsXdm4Zgv9GehUMa7EFoGQkqrMcDJNOIDwCmENnvXg4UbA=="
      }
    }
  }
}