{
  "version": 1,
  "dependencies": {
    ".NETnanoFramework,Version=v1.0": {
      "nanoFramework.CoreLibrary": {
        "type": "Direct",
        "requested": "[1.17.11, 1.17.11]",
        "resolved": "1.17.11",
        "contentHash": "HezzAc0o2XrSGf85xSeD/6xsO6ohF9hX6/iMQ1IZS6Zw6umr4WfAN2Jv0BrPxkaYwzEegJxxZujkHoUIAqtOMw=="
      },
      "nanoFramework.Runtime.Events": {
        "type": "Direct",
        "requested": "[1.11.32, 1.11.32]",
        "resolved": "1.11.32",
        "contentHash": "NyLUIwJDlpl5VKSd+ljmdDtO2WHHBvPvruo1ccaL+hd79z+6XMYze1AccOVXKGiZenLBCwDmFHwpgIQyHkM7GA=="
      },
      "nanoFramework.Runtime.Native": {
        "type": "Direct",
        "requested": "[1.7.11, 1.7.11]",
        "resolved": "1.7.11",
        "contentHash": "XPSTltZ9KeBruogVmjQpCphi1nLoJH49mpyp2eGBs8BTjKuL5TkMO20MoI8r73F/PW5AppTq49HvIZZavU5nPQ=="
      },
      "nanoFramework.System.Text": {
        "type": "Direct",
        "requested": "[1.3.36, 1.3.36]",
        "resolved": "1.3.36",
        "contentHash": "qO0BrmYX4+iV5MSVSIIOSnyPx9Odvgb5Y9hGDWgUCQUGrPG32WPq6YGhTQMK2UIIu3yfB9Nsu2hPhjVSpFYMMA=="
      }
    }
  }
}